{
  "nodes": {
    "aasdk": {
      "inputs": {
        "nixpkgs": [
          "nixpkgs"
        ]
      },
      "locked": {
        "lastModified": 1692809563,
        "narHash": "sha256-10pcy3OS36kjpePhRrCsIvEw4URP9Nq3wkBCH103Qo8=",
        "owner": "thesola10",
        "repo": "aasdk",
        "rev": "c9878570a1b3aa4e5df5edf2439053b436dc11ff",
        "type": "github"
      },
      "original": {
        "owner": "thesola10",
        "repo": "aasdk",
        "type": "github"
      }
    },
    "nixpkgs": {
      "locked": {
        "lastModified": 1692698134,
        "narHash": "sha256-YtMmZWR/dlTypOcwiZfZTMPr3tj9fwr05QTStfSyDSg=",
        "owner": "nixos",
        "repo": "nixpkgs",
        "rev": "a16f7eb56e88c8985fcc6eb81dabd6cade4e425a",
        "type": "github"
      },
      "original": {
        "owner": "nixos",
        "ref": "nixos-23.05",
        "repo": "nixpkgs",
        "type": "github"
      }
    },
    "root": {
      "inputs": {
        "aasdk": "aasdk",
        "nixpkgs": "nixpkgs"
      }
    }
  },
  "root": "root",
  "version": 7
}
