{
  "nodes": {
    "aasdk": {
      "inputs": {
        "nixpkgs": [
          "nixpkgs"
        ]
      },
      "locked": {
        "lastModified": 1692824369,
        "narHash": "sha256-P2C9NGIGk7xDzUXYlXXEEldgO/GoUUi2kf/+dInyei8=",
        "owner": "thesola10",
        "repo": "aasdk",
        "rev": "e0df01eb4ded191db9b8ba710baacf719cd67e59",
        "type": "github"
      },
      "original": {
        "owner": "thesola10",
        "repo": "aasdk",
        "type": "github"
      }
    },
    "h264bitstream": {
      "inputs": {
        "nixpkgs": [
          "nixpkgs"
        ]
      },
      "locked": {
        "lastModified": 1692823528,
        "narHash": "sha256-N0tX9BwgsO5JNvWdgo29lFvIg7oCV694p5xtXAiOGdw=",
        "owner": "thesola10",
        "repo": "h264bitstream",
        "rev": "d0ad3003cf4feffda1922859bb2f56815f1dd017",
        "type": "github"
      },
      "original": {
        "owner": "thesola10",
        "repo": "h264bitstream",
        "type": "github"
      }
    },
    "nixpkgs": {
      "locked": {
        "lastModified": 1692698134,
        "narHash": "sha256-YtMmZWR/dlTypOcwiZfZTMPr3tj9fwr05QTStfSyDSg=",
        "owner": "nixos",
        "repo": "nixpkgs",
        "rev": "a16f7eb56e88c8985fcc6eb81dabd6cade4e425a",
        "type": "github"
      },
      "original": {
        "owner": "nixos",
        "ref": "nixos-23.05",
        "repo": "nixpkgs",
        "type": "github"
      }
    },
    "root": {
      "inputs": {
        "aasdk": "aasdk",
        "h264bitstream": "h264bitstream",
        "nixpkgs": "nixpkgs"
      }
    }
  },
  "root": "root",
  "version": 7
}
